
Microsoft Visual Studio Solution File, Format Version 12.00
# Visual Studio 15
VisualStudioVersion = 15.0.28307.645
MinimumVisualStudioVersion = 10.0.40219.1
Project("{FAE04EC0-301F-11D3-BF4B-00C04F79EFBC}") = "FormData", "FormData\FormData.csproj", "{BC7BC6C4-1C6E-4039-BC72-12FB884C7297}"
EndProject
Global
	GlobalSection(SolutionConfigurationPlatforms) = preSolution
		Debug|Any CPU = Debug|Any CPU
		Release|Any CPU = Release|Any CPU
	EndGlobalSection
	GlobalSection(ProjectConfigurationPlatforms) = postSolution
		{BC7BC6C4-1C6E-4039-BC72-12FB884C7297}.Debug|Any CPU.ActiveCfg = Debug|Any CPU
		{BC7BC6C4-1C6E-4039-BC72-12FB884C7297}.Debug|Any CPU.Build.0 = Debug|Any CPU
		{BC7BC6C4-1C6E-4039-BC72-12FB884C7297}.Release|Any CPU.ActiveCfg = Release|Any CPU
		{BC7BC6C4-1C6E-4039-BC72-12FB884C7297}.Release|Any CPU.Build.0 = Release|Any CPU
	EndGlobalSection
	GlobalSection(SolutionProperties) = preSolution
		HideSolutionNode = FALSE
	EndGlobalSection
	GlobalSection(ExtensibilityGlobals) = postSolution
		SolutionGuid = {3D41F8A9-CCE5-4948-BFD9-26B8AE795C8F}
	EndGlobalSection
EndGlobal
